
Microsoft Visual Studio Solution File, Format Version 12.00
# Visual Studio Version 17
VisualStudioVersion = 17.5.33414.496
MinimumVisualStudioVersion = 10.0.40219.1
Project("{9A19103F-16F7-4668-BE54-9A1E7A4F7556}") = "SportsPlay", "SportsPlay\SportsPlay.csproj", "{A9A190D2-1DF7-4AB5-B194-92B60C3145B3}"
EndProject
Global
	GlobalSection(SolutionConfigurationPlatforms) = preSolution
		Debug|Any CPU = Debug|Any CPU
		Release|Any CPU = Release|Any CPU
	EndGlobalSection
	GlobalSection(ProjectConfigurationPlatforms) = postSolution
		{A9A190D2-1DF7-4AB5-B194-92B60C3145B3}.Debug|Any CPU.ActiveCfg = Debug|Any CPU
		{A9A190D2-1DF7-4AB5-B194-92B60C3145B3}.Debug|Any CPU.Build.0 = Debug|Any CPU
		{A9A190D2-1DF7-4AB5-B194-92B60C3145B3}.Release|Any CPU.ActiveCfg = Release|Any CPU
		{A9A190D2-1DF7-4AB5-B194-92B60C3145B3}.Release|Any CPU.Build.0 = Release|Any CPU
	EndGlobalSection
	GlobalSection(SolutionProperties) = preSolution
		HideSolutionNode = FALSE
	EndGlobalSection
	GlobalSection(ExtensibilityGlobals) = postSolution
		SolutionGuid = {EDBFA493-8D22-44BF-9986-5BC32A8238C7}
	EndGlobalSection
EndGlobal
