
Microsoft Visual Studio Solution File, Format Version 12.00
# Visual Studio Version 17
VisualStudioVersion = 17.5.33414.496
MinimumVisualStudioVersion = 10.0.40219.1
Project("{FAE04EC0-301F-11D3-BF4B-00C04F79EFBC}") = "SportsPlay", "SportsPlay\SportsPlay.csproj", "{0E6E847D-B1BD-4810-B43D-2A608B304CA4}"
EndProject
Global
	GlobalSection(SolutionConfigurationPlatforms) = preSolution
		Debug|Any CPU = Debug|Any CPU
		Release|Any CPU = Release|Any CPU
	EndGlobalSection
	GlobalSection(ProjectConfigurationPlatforms) = postSolution
		{0E6E847D-B1BD-4810-B43D-2A608B304CA4}.Debug|Any CPU.ActiveCfg = Debug|Any CPU
		{0E6E847D-B1BD-4810-B43D-2A608B304CA4}.Debug|Any CPU.Build.0 = Debug|Any CPU
		{0E6E847D-B1BD-4810-B43D-2A608B304CA4}.Release|Any CPU.ActiveCfg = Release|Any CPU
		{0E6E847D-B1BD-4810-B43D-2A608B304CA4}.Release|Any CPU.Build.0 = Release|Any CPU
	EndGlobalSection
	GlobalSection(SolutionProperties) = preSolution
		HideSolutionNode = FALSE
	EndGlobalSection
	GlobalSection(ExtensibilityGlobals) = postSolution
		SolutionGuid = {1A6CA78D-043B-40F6-95CF-B362EC5DE391}
	EndGlobalSection
EndGlobal
