
Microsoft Visual Studio Solution File, Format Version 12.00
# Visual Studio Version 17
VisualStudioVersion = 17.11.35222.181
MinimumVisualStudioVersion = 10.0.40219.1
Project("{FAE04EC0-301F-11D3-BF4B-00C04F79EFBC}") = "Stuffle.Isaiah.Chapter24", "Stuffle.Isaiah.Chapter24\Stuffle.Isaiah.Chapter24.csproj", "{FB8B80D6-D827-413E-B162-5D0E22E79CB3}"
EndProject
Global
	GlobalSection(SolutionConfigurationPlatforms) = preSolution
		Debug|Any CPU = Debug|Any CPU
		Release|Any CPU = Release|Any CPU
	EndGlobalSection
	GlobalSection(ProjectConfigurationPlatforms) = postSolution
		{FB8B80D6-D827-413E-B162-5D0E22E79CB3}.Debug|Any CPU.ActiveCfg = Debug|Any CPU
		{FB8B80D6-D827-413E-B162-5D0E22E79CB3}.Debug|Any CPU.Build.0 = Debug|Any CPU
		{FB8B80D6-D827-413E-B162-5D0E22E79CB3}.Release|Any CPU.ActiveCfg = Release|Any CPU
		{FB8B80D6-D827-413E-B162-5D0E22E79CB3}.Release|Any CPU.Build.0 = Release|Any CPU
	EndGlobalSection
	GlobalSection(SolutionProperties) = preSolution
		HideSolutionNode = FALSE
	EndGlobalSection
	GlobalSection(ExtensibilityGlobals) = postSolution
		SolutionGuid = {3EB19FBD-B436-427B-A629-D374A064E4C0}
	EndGlobalSection
EndGlobal
